
Microsoft Visual Studio Solution File, Format Version 12.00
# Visual Studio Version 17
VisualStudioVersion = 17.5.33414.496
MinimumVisualStudioVersion = 10.0.40219.1
Project("{FAE04EC0-301F-11D3-BF4B-00C04F79EFBC}") = "kv_yr", "kv_yr\kv_yr.csproj", "{5C0D7FE5-9B9E-4458-BC66-7DBFB8BB0F4E}"
EndProject
Global
	GlobalSection(SolutionConfigurationPlatforms) = preSolution
		Debug|Any CPU = Debug|Any CPU
		Release|Any CPU = Release|Any CPU
	EndGlobalSection
	GlobalSection(ProjectConfigurationPlatforms) = postSolution
		{5C0D7FE5-9B9E-4458-BC66-7DBFB8BB0F4E}.Debug|Any CPU.ActiveCfg = Debug|Any CPU
		{5C0D7FE5-9B9E-4458-BC66-7DBFB8BB0F4E}.Debug|Any CPU.Build.0 = Debug|Any CPU
		{5C0D7FE5-9B9E-4458-BC66-7DBFB8BB0F4E}.Release|Any CPU.ActiveCfg = Release|Any CPU
		{5C0D7FE5-9B9E-4458-BC66-7DBFB8BB0F4E}.Release|Any CPU.Build.0 = Release|Any CPU
	EndGlobalSection
	GlobalSection(SolutionProperties) = preSolution
		HideSolutionNode = FALSE
	EndGlobalSection
	GlobalSection(ExtensibilityGlobals) = postSolution
		SolutionGuid = {6A0BC360-F928-404F-96EC-EED9A5355EB7}
	EndGlobalSection
EndGlobal
